
Microsoft Visual Studio Solution File, Format Version 12.00
# Visual Studio 15
VisualStudioVersion = 15.0.28307.572
MinimumVisualStudioVersion = 10.0.40219.1
Project("{FAE04EC0-301F-11D3-BF4B-00C04F79EFBC}") = "SchoolsAPI", "SchoolsAPI\SchoolsAPI.csproj", "{F50ADA55-3F84-4519-AF9D-FC45C06BF3E1}"
EndProject
Project("{FAE04EC0-301F-11D3-BF4B-00C04F79EFBC}") = "Services", "Services\Services.csproj", "{7DF3E987-AA86-4BE4-A1CC-B25024FB4E4D}"
EndProject
Project("{FAE04EC0-301F-11D3-BF4B-00C04F79EFBC}") = "DAL", "DAL\DAL.csproj", "{44E5B6DF-D3F8-44B0-B7FA-CEC6DE3107F0}"
EndProject
Global
	GlobalSection(SolutionConfigurationPlatforms) = preSolution
		Debug|Any CPU = Debug|Any CPU
		Release|Any CPU = Release|Any CPU
	EndGlobalSection
	GlobalSection(ProjectConfigurationPlatforms) = postSolution
		{F50ADA55-3F84-4519-AF9D-FC45C06BF3E1}.Debug|Any CPU.ActiveCfg = Debug|Any CPU
		{F50ADA55-3F84-4519-AF9D-FC45C06BF3E1}.Debug|Any CPU.Build.0 = Debug|Any CPU
		{F50ADA55-3F84-4519-AF9D-FC45C06BF3E1}.Release|Any CPU.ActiveCfg = Release|Any CPU
		{F50ADA55-3F84-4519-AF9D-FC45C06BF3E1}.Release|Any CPU.Build.0 = Release|Any CPU
		{7DF3E987-AA86-4BE4-A1CC-B25024FB4E4D}.Debug|Any CPU.ActiveCfg = Debug|Any CPU
		{7DF3E987-AA86-4BE4-A1CC-B25024FB4E4D}.Debug|Any CPU.Build.0 = Debug|Any CPU
		{7DF3E987-AA86-4BE4-A1CC-B25024FB4E4D}.Release|Any CPU.ActiveCfg = Release|Any CPU
		{7DF3E987-AA86-4BE4-A1CC-B25024FB4E4D}.Release|Any CPU.Build.0 = Release|Any CPU
		{44E5B6DF-D3F8-44B0-B7FA-CEC6DE3107F0}.Debug|Any CPU.ActiveCfg = Debug|Any CPU
		{44E5B6DF-D3F8-44B0-B7FA-CEC6DE3107F0}.Debug|Any CPU.Build.0 = Debug|Any CPU
		{44E5B6DF-D3F8-44B0-B7FA-CEC6DE3107F0}.Release|Any CPU.ActiveCfg = Release|Any CPU
		{44E5B6DF-D3F8-44B0-B7FA-CEC6DE3107F0}.Release|Any CPU.Build.0 = Release|Any CPU
	EndGlobalSection
	GlobalSection(SolutionProperties) = preSolution
		HideSolutionNode = FALSE
	EndGlobalSection
	GlobalSection(ExtensibilityGlobals) = postSolution
		SolutionGuid = {3F49504C-0E77-46C6-A0F7-18576FCF8415}
	EndGlobalSection
EndGlobal
